
Microsoft Visual Studio Solution File, Format Version 12.00
# Visual Studio Version 16
VisualStudioVersion = 16.0.28803.156
MinimumVisualStudioVersion = 10.0.40219.1
Project("{FAE04EC0-301F-11D3-BF4B-00C04F79EFBC}") = "QuickExamLibrary", "ExamForm\QuickExamLibrary.csproj", "{B8E0B872-8CD9-493E-9902-3137A42A6758}"
EndProject
Project("{FAE04EC0-301F-11D3-BF4B-00C04F79EFBC}") = "WindowsFormUI", "WindowsFormUI\WindowsFormUI.csproj", "{2FC4A2C5-4A4F-4BCD-A9DA-C9200045BAAB}"
EndProject
Global
	GlobalSection(SolutionConfigurationPlatforms) = preSolution
		Debug|Any CPU = Debug|Any CPU
		Release|Any CPU = Release|Any CPU
	EndGlobalSection
	GlobalSection(ProjectConfigurationPlatforms) = postSolution
		{B8E0B872-8CD9-493E-9902-3137A42A6758}.Debug|Any CPU.ActiveCfg = Debug|Any CPU
		{B8E0B872-8CD9-493E-9902-3137A42A6758}.Debug|Any CPU.Build.0 = Debug|Any CPU
		{B8E0B872-8CD9-493E-9902-3137A42A6758}.Release|Any CPU.ActiveCfg = Release|Any CPU
		{B8E0B872-8CD9-493E-9902-3137A42A6758}.Release|Any CPU.Build.0 = Release|Any CPU
		{2FC4A2C5-4A4F-4BCD-A9DA-C9200045BAAB}.Debug|Any CPU.ActiveCfg = Debug|Any CPU
		{2FC4A2C5-4A4F-4BCD-A9DA-C9200045BAAB}.Debug|Any CPU.Build.0 = Debug|Any CPU
		{2FC4A2C5-4A4F-4BCD-A9DA-C9200045BAAB}.Release|Any CPU.ActiveCfg = Release|Any CPU
		{2FC4A2C5-4A4F-4BCD-A9DA-C9200045BAAB}.Release|Any CPU.Build.0 = Release|Any CPU
	EndGlobalSection
	GlobalSection(SolutionProperties) = preSolution
		HideSolutionNode = FALSE
	EndGlobalSection
	GlobalSection(ExtensibilityGlobals) = postSolution
		SolutionGuid = {2B8AD218-A48E-4CD7-95F8-43C081F4A6D2}
	EndGlobalSection
EndGlobal
